
Microsoft Visual Studio Solution File, Format Version 12.00
# Visual Studio Version 16
VisualStudioVersion = 16.0.34114.132
MinimumVisualStudioVersion = 10.0.40219.1
Project("{FAE04EC0-301F-11D3-BF4B-00C04F79EFBC}") = "SurfShip", "SurfShip.csproj", "{A235F503-922F-406F-B72A-56AA87A309BE}"
EndProject
Global
	GlobalSection(SolutionConfigurationPlatforms) = preSolution
		Debug|Any CPU = Debug|Any CPU
		Release|Any CPU = Release|Any CPU
	EndGlobalSection
	GlobalSection(ProjectConfigurationPlatforms) = postSolution
		{A235F503-922F-406F-B72A-56AA87A309BE}.Debug|Any CPU.ActiveCfg = Debug|Any CPU
		{A235F503-922F-406F-B72A-56AA87A309BE}.Debug|Any CPU.Build.0 = Debug|Any CPU
		{A235F503-922F-406F-B72A-56AA87A309BE}.Release|Any CPU.ActiveCfg = Release|Any CPU
		{A235F503-922F-406F-B72A-56AA87A309BE}.Release|Any CPU.Build.0 = Release|Any CPU
	EndGlobalSection
	GlobalSection(SolutionProperties) = preSolution
		HideSolutionNode = FALSE
	EndGlobalSection
	GlobalSection(ExtensibilityGlobals) = postSolution
		SolutionGuid = {C8EA47D7-602B-4B74-9179-5E91F4E7AE47}
	EndGlobalSection
EndGlobal
